PODS:
  - NeuosSDK (0.0.11)

DEPENDENCIES:
  - NeuosSDK (from `/Users/shai/repos/neuos-ios-framework/NeuosSDK`)

EXTERNAL SOURCES:
  NeuosSDK:
    :path: "/Users/shai/repos/neuos-ios-framework/NeuosSDK"

SPEC CHECKSUMS:
  NeuosSDK: 1aace87a466b7705757645471eab5bbd371a6f0d

PODFILE CHECKSUM: b07e911b652ebb2d50742ba6a28c51aef5a0baec

COCOAPODS: 1.13.0
