PODS:
  - NeuosSDK (0.0.10)

DEPENDENCIES:
  - NeuosSDK (from `/Users/shai/repos/neuos-ios-framework/NeuosSDK`)

EXTERNAL SOURCES:
  NeuosSDK:
    :path: "/Users/shai/repos/neuos-ios-framework/NeuosSDK"

SPEC CHECKSUMS:
  NeuosSDK: 2d6423006cd20f97654d678c2563a024309b1da3

PODFILE CHECKSUM: b07e911b652ebb2d50742ba6a28c51aef5a0baec

COCOAPODS: 1.12.1
