{
  "originHash" : "9c3e38c2126c4bd644767326aa2efc773be59dee7dcb13c0c6ca903e67a2c2d0",
  "pins" : [
    {
      "identity" : "ios-private-sdk",
      "kind" : "remoteSourceControl",
      "location" : "https://gitlab.com/arctop/engineering/neuos/sdk/ios-private-sdk",
      "state" : {
        "branch" : "devel",
        "revision" : "4410b8554d912b838e32eb60952a709443b96d75"
      }
    },
    {
      "identity" : "swift-collections",
      "kind" : "remoteSourceControl",
      "location" : "https://github.com/apple/swift-collections.git",
      "state" : {
        "revision" : "3d2dc41a01f9e49d84f0a3925fb858bed64f702d",
        "version" : "1.1.2"
      }
    }
  ],
  "version" : 3
}
