{
  "originHash" : "8af9b99690761112766a5272e98dc33b0e818ee1b638d39e9c5892aac7b79fd3",
  "pins" : [
    {
      "identity" : "ios-sdk-private",
      "kind" : "remoteSourceControl",
      "location" : "https://github.com/arctop/ios-sdk-private.git",
      "state" : {
        "revision" : "02b8782ee56a46589dd70c63fe8a2221e8f63164",
        "version" : "0.0.4"
      }
    },
    {
      "identity" : "swift-collections",
      "kind" : "remoteSourceControl",
      "location" : "https://github.com/apple/swift-collections.git",
      "state" : {
        "revision" : "94cf62b3ba8d4bed62680a282d4c25f9c63c2efb",
        "version" : "1.1.0"
      }
    }
  ],
  "version" : 3
}
