{
  "originHash" : "bba9876db975530a9f0817cdcb6128f7bf56dae3f44d385c2338bee160176f24",
  "pins" : [
    {
      "identity" : "ios-sdk-private",
      "kind" : "remoteSourceControl",
      "location" : "https://github.com/arctop/ios-sdk-private.git",
      "state" : {
        "branch" : "devel",
        "revision" : "98216059be4245d1bf0e2902130b9c506ad96837"
      }
    },
    {
      "identity" : "swift-collections",
      "kind" : "remoteSourceControl",
      "location" : "https://github.com/apple/swift-collections.git",
      "state" : {
        "revision" : "94cf62b3ba8d4bed62680a282d4c25f9c63c2efb",
        "version" : "1.1.0"
      }
    }
  ],
  "version" : 3
}
